
Microsoft Visual Studio Solution File, Format Version 12.00
# Visual Studio Version 17
VisualStudioVersion = 17.6.33829.357
MinimumVisualStudioVersion = 10.0.40219.1
Project("{FAE04EC0-301F-11D3-BF4B-00C04F79EFBC}") = "schap_bai2", "schap_bai2\schap_bai2.csproj", "{3393A92B-6967-43C7-821E-52E86F71C058}"
EndProject
Global
	GlobalSection(SolutionConfigurationPlatforms) = preSolution
		Debug|Any CPU = Debug|Any CPU
		Release|Any CPU = Release|Any CPU
	EndGlobalSection
	GlobalSection(ProjectConfigurationPlatforms) = postSolution
		{3393A92B-6967-43C7-821E-52E86F71C058}.Debug|Any CPU.ActiveCfg = Debug|Any CPU
		{3393A92B-6967-43C7-821E-52E86F71C058}.Debug|Any CPU.Build.0 = Debug|Any CPU
		{3393A92B-6967-43C7-821E-52E86F71C058}.Release|Any CPU.ActiveCfg = Release|Any CPU
		{3393A92B-6967-43C7-821E-52E86F71C058}.Release|Any CPU.Build.0 = Release|Any CPU
	EndGlobalSection
	GlobalSection(SolutionProperties) = preSolution
		HideSolutionNode = FALSE
	EndGlobalSection
	GlobalSection(ExtensibilityGlobals) = postSolution
		SolutionGuid = {196042F6-EBCD-4B1D-A859-9AE14423698B}
	EndGlobalSection
EndGlobal
